dependencies:
  espressif/esp-zboss-lib:
    component_hash: d862969a8276cf71e276061332d340a7b6c8bb29c4c2cf6f109c8ddd8d21c231
    dependencies:
    - name: idf
      registry_url: https://components.espressif.com
      require: private
      version: '>=5.0'
    source:
      registry_url: https://components.espressif.com/
      type: service
    version: 1.0.9
  espressif/esp-zigbee-lib:
    component_hash: 98f2d5907d80514d8722f3f5b751a18f95c977f26d5f8c6fb6642035952e5416
    dependencies:
    - name: idf
      registry_url: https://components.espressif.com
      require: private
      version: '>=5.0'
    source:
      registry_url: https://components.espressif.com/
      type: service
    version: 1.0.9
  espressif/led_strip:
    component_hash: f907c58f722c58ab8545366668cfd8769cefb7d97a631a14e9d16234cc72bdff
    dependencies:
    - name: idf
      require: private
      version: '>=5.0'
    source:
      registry_url: https://components.espressif.com/
      type: service
    version: 3.0.0
  idf:
    source:
      type: idf
    version: 5.2.2
direct_dependencies:
- espressif/esp-zboss-lib
- espressif/esp-zigbee-lib
- espressif/led_strip
- idf
manifest_hash: 39781c9800a39520d6f058d6329e43fb8abf4f35bd6371f4cd32f8d216d2af57
target: esp32c6
version: 2.0.0
